
Microsoft Visual Studio Solution File, Format Version 12.00
# Visual Studio 15
VisualStudioVersion = 15.0.27703.2042
MinimumVisualStudioVersion = 10.0.40219.1
Project("{FAE04EC0-301F-11D3-BF4B-00C04F79EFBC}") = "Gw2Sharp.Analyzers", "Gw2Sharp.Analyzers\Gw2Sharp.Analyzers.csproj", "{F38FEAEA-8392-49FF-BBB1-B3EFA9D83F3E}"
EndProject
Project("{FAE04EC0-301F-11D3-BF4B-00C04F79EFBC}") = "Gw2Sharp.Analyzers.Vsix", "Gw2Sharp.Analyzers.Vsix\Gw2Sharp.Analyzers.Vsix.csproj", "{0C009646-4E0A-4E40-9ED5-A5981D9BDFE3}"
EndProject
Global
	GlobalSection(SolutionConfigurationPlatforms) = preSolution
		Debug|Any CPU = Debug|Any CPU
		Release|Any CPU = Release|Any CPU
	EndGlobalSection
	GlobalSection(ProjectConfigurationPlatforms) = postSolution
		{F38FEAEA-8392-49FF-BBB1-B3EFA9D83F3E}.Debug|Any CPU.ActiveCfg = Debug|Any CPU
		{F38FEAEA-8392-49FF-BBB1-B3EFA9D83F3E}.Debug|Any CPU.Build.0 = Debug|Any CPU
		{F38FEAEA-8392-49FF-BBB1-B3EFA9D83F3E}.Release|Any CPU.ActiveCfg = Release|Any CPU
		{F38FEAEA-8392-49FF-BBB1-B3EFA9D83F3E}.Release|Any CPU.Build.0 = Release|Any CPU
		{0C009646-4E0A-4E40-9ED5-A5981D9BDFE3}.Debug|Any CPU.ActiveCfg = Debug|Any CPU
		{0C009646-4E0A-4E40-9ED5-A5981D9BDFE3}.Debug|Any CPU.Build.0 = Debug|Any CPU
		{0C009646-4E0A-4E40-9ED5-A5981D9BDFE3}.Release|Any CPU.ActiveCfg = Release|Any CPU
		{0C009646-4E0A-4E40-9ED5-A5981D9BDFE3}.Release|Any CPU.Build.0 = Release|Any CPU
	EndGlobalSection
	GlobalSection(SolutionProperties) = preSolution
		HideSolutionNode = FALSE
	EndGlobalSection
	GlobalSection(ExtensibilityGlobals) = postSolution
		SolutionGuid = {0F2EC689-4152-449D-B794-C1B0006108C9}
	EndGlobalSection
EndGlobal
